# THIS IS AN AUTOGENERATED FILE. DO NOT EDIT THIS FILE DIRECTLY.
# yarn lockfile v1


"@eflexsystems/node-open-protocol@^1.1.0":
  version "1.1.2"
  resolved "https://registry.yarnpkg.com/@eflexsystems/node-open-protocol/-/node-open-protocol-1.1.2.tgz#eb0a174ebaffef3477ccaf926f14f9eb428bc760"
  integrity sha512-Q8lQacpQP+6eZ2m7tl+LUULz88Kk4tgC75SYVZfEjtPIKPObRujvg0rldtzoudqqH3355qBPlpQp2ENdvfYqGg==
