# THIS IS AN AUTOGENERATED FILE. DO NOT EDIT THIS FILE DIRECTLY.
# yarn lockfile v1


"@eflexsystems/node-open-protocol@^1.1.0":
  version "1.1.1-1"
  resolved "https://registry.yarnpkg.com/@eflexsystems/node-open-protocol/-/node-open-protocol-1.1.1-1.tgz#c74c5092375aafa8909409390a003d43bb3d1eaa"
  integrity sha512-k/5egndvq8dFyW3YHDPgmGJvcjNqVBwL402jS31/qdxQ/Wg34tUWiPMdEfLT11AHGC9IJD2w/iOhBcrOZaHGQw==
